
Microsoft Visual Studio Solution File, Format Version 12.00
# Visual Studio Version 17
VisualStudioVersion = 17.11.35222.181
MinimumVisualStudioVersion = 10.0.40219.1
Project("{FAE04EC0-301F-11D3-BF4B-00C04F79EFBC}") = "MyCoreApp", "MyCoreApp\MyCoreApp.csproj", "{91A6A04D-E223-433D-B974-82E2D62A34E2}"
EndProject
Global
	GlobalSection(SolutionConfigurationPlatforms) = preSolution
		Debug|Any CPU = Debug|Any CPU
		Release|Any CPU = Release|Any CPU
	EndGlobalSection
	GlobalSection(ProjectConfigurationPlatforms) = postSolution
		{91A6A04D-E223-433D-B974-82E2D62A34E2}.Debug|Any CPU.ActiveCfg = Debug|Any CPU
		{91A6A04D-E223-433D-B974-82E2D62A34E2}.Debug|Any CPU.Build.0 = Debug|Any CPU
		{91A6A04D-E223-433D-B974-82E2D62A34E2}.Release|Any CPU.ActiveCfg = Release|Any CPU
		{91A6A04D-E223-433D-B974-82E2D62A34E2}.Release|Any CPU.Build.0 = Release|Any CPU
	EndGlobalSection
	GlobalSection(SolutionProperties) = preSolution
		HideSolutionNode = FALSE
	EndGlobalSection
	GlobalSection(ExtensibilityGlobals) = postSolution
		SolutionGuid = {451C15B1-B1A3-4DE5-8A64-1A14C20832AF}
	EndGlobalSection
EndGlobal
